
Microsoft Visual Studio Solution File, Format Version 12.00
# Visual Studio Version 17
VisualStudioVersion = 17.14.37314.3
MinimumVisualStudioVersion = 10.0.40219.1
Project("{FAE04EC0-301F-11D3-BF4B-00C04F79EFBC}") = "PersonalFinanceTracker.Api", "PersonalFinanceTracker.Api.csproj", "{A163F169-781B-1613-914C-CBC92416B1B6}"
EndProject
Project("{FAE04EC0-301F-11D3-BF4B-00C04F79EFBC}") = "PersonalFinanceTracker.BusinessLogic", "PersonalFinanceTracker.BusinessLogic\PersonalFinanceTracker.BusinessLogic.csproj", "{19211ADA-E85D-C5BC-1908-5F5AD1152EC1}"
EndProject
Project("{FAE04EC0-301F-11D3-BF4B-00C04F79EFBC}") = "PersonalFinanceTracker.DataAccess", "PersonalFinanceTracker.DataAccess\PersonalFinanceTracker.DataAccess.csproj", "{20DAD5F6-B7B7-0AB0-E268-835C166DBC3E}"
EndProject
Global
	GlobalSection(SolutionConfigurationPlatforms) = preSolution
		Debug|Any CPU = Debug|Any CPU
		Release|Any CPU = Release|Any CPU
	EndGlobalSection
	GlobalSection(ProjectConfigurationPlatforms) = postSolution
		{A163F169-781B-1613-914C-CBC92416B1B6}.Debug|Any CPU.ActiveCfg = Debug|Any CPU
		{A163F169-781B-1613-914C-CBC92416B1B6}.Debug|Any CPU.Build.0 = Debug|Any CPU
		{A163F169-781B-1613-914C-CBC92416B1B6}.Release|Any CPU.ActiveCfg = Release|Any CPU
		{A163F169-781B-1613-914C-CBC92416B1B6}.Release|Any CPU.Build.0 = Release|Any CPU
		{19211ADA-E85D-C5BC-1908-5F5AD1152EC1}.Debug|Any CPU.ActiveCfg = Debug|Any CPU
		{19211ADA-E85D-C5BC-1908-5F5AD1152EC1}.Debug|Any CPU.Build.0 = Debug|Any CPU
		{19211ADA-E85D-C5BC-1908-5F5AD1152EC1}.Release|Any CPU.ActiveCfg = Release|Any CPU
		{19211ADA-E85D-C5BC-1908-5F5AD1152EC1}.Release|Any CPU.Build.0 = Release|Any CPU
		{20DAD5F6-B7B7-0AB0-E268-835C166DBC3E}.Debug|Any CPU.ActiveCfg = Debug|Any CPU
		{20DAD5F6-B7B7-0AB0-E268-835C166DBC3E}.Debug|Any CPU.Build.0 = Debug|Any CPU
		{20DAD5F6-B7B7-0AB0-E268-835C166DBC3E}.Release|Any CPU.ActiveCfg = Release|Any CPU
		{20DAD5F6-B7B7-0AB0-E268-835C166DBC3E}.Release|Any CPU.Build.0 = Release|Any CPU
	EndGlobalSection
	GlobalSection(SolutionProperties) = preSolution
		HideSolutionNode = FALSE
	EndGlobalSection
	GlobalSection(ExtensibilityGlobals) = postSolution
		SolutionGuid = {34EDF030-B7DA-4E61-8CAA-653BC20337CC}
	EndGlobalSection
EndGlobal
